
Microsoft Visual Studio Solution File, Format Version 12.00
# Visual Studio Version 17
VisualStudioVersion = 17.5.33530.505
MinimumVisualStudioVersion = 10.0.40219.1
Project("{FAE04EC0-301F-11D3-BF4B-00C04F79EFBC}") = "BookingTicketCinema1.0", "BookingTicketCinema1.0\BookingTicketCinema1.0.csproj", "{FA5F5B72-A2CE-46B9-9CC7-E9708695D0B6}"
EndProject
Global
	GlobalSection(SolutionConfigurationPlatforms) = preSolution
		Debug|Any CPU = Debug|Any CPU
		Release|Any CPU = Release|Any CPU
	EndGlobalSection
	GlobalSection(ProjectConfigurationPlatforms) = postSolution
		{FA5F5B72-A2CE-46B9-9CC7-E9708695D0B6}.Debug|Any CPU.ActiveCfg = Debug|Any CPU
		{FA5F5B72-A2CE-46B9-9CC7-E9708695D0B6}.Debug|Any CPU.Build.0 = Debug|Any CPU
		{FA5F5B72-A2CE-46B9-9CC7-E9708695D0B6}.Release|Any CPU.ActiveCfg = Release|Any CPU
		{FA5F5B72-A2CE-46B9-9CC7-E9708695D0B6}.Release|Any CPU.Build.0 = Release|Any CPU
	EndGlobalSection
	GlobalSection(SolutionProperties) = preSolution
		HideSolutionNode = FALSE
	EndGlobalSection
	GlobalSection(ExtensibilityGlobals) = postSolution
		SolutionGuid = {990737D1-D86A-49C3-B5D4-B346018A6E95}
	EndGlobalSection
EndGlobal
